// !$*UTF8*$!
{
	archiveVersion = 1;
	classes = {
	};
	objectVersion = 50;
	objects = {

/* Begin PBXBuildFile section */
		E457765D25E6E2EA00C7A574 /* NetworkService.swift in Sources */ = {isa = PBXBuildFile; fileRef = E457765A25E6E2E900C7A574 /* NetworkService.swift */; };
		E457765E25E6E2EA00C7A574 /* DataFetcherService.swift in Sources */ = {isa = PBXBuildFile; fileRef = E457765B25E6E2EA00C7A574 /* DataFetcherService.swift */; };
		E457765F25E6E2EA00C7A574 /* NetworkDataFetcher.swift in Sources */ = {isa = PBXBuildFile; fileRef = E457765C25E6E2EA00C7A574 /* NetworkDataFetcher.swift */; };
		E457766425E6E3AE00C7A574 /* Data.swift in Sources */ = {isa = PBXBuildFile; fileRef = E457766325E6E3AE00C7A574 /* Data.swift */; };
		E457766825E6E3CD00C7A574 /* TranslateModel.swift in Sources */ = {isa = PBXBuildFile; fileRef = E457766725E6E3CD00C7A574 /* TranslateModel.swift */; };
		E46106752586DA9F001FA10F /* LikedViewController.swift in Sources */ = {isa = PBXBuildFile; fileRef = E46106742586DA9F001FA10F /* LikedViewController.swift */; };
		E46106792586DD12001FA10F /* TableViewCell.swift in Sources */ = {isa = PBXBuildFile; fileRef = E46106772586DD12001FA10F /* TableViewCell.swift */; };
		E461067A2586DD12001FA10F /* TableViewCell.xib in Resources */ = {isa = PBXBuildFile; fileRef = E46106782586DD12001FA10F /* TableViewCell.xib */; };
		E4BF47FA258565B80063A6D9 /* AppDelegate.swift in Sources */ = {isa = PBXBuildFile; fileRef = E4BF47F9258565B80063A6D9 /* AppDelegate.swift */; };
		E4BF47FC258565B80063A6D9 /* SceneDelegate.swift in Sources */ = {isa = PBXBuildFile; fileRef = E4BF47FB258565B80063A6D9 /* SceneDelegate.swift */; };
		E4BF47FE258565B80063A6D9 /* ViewController.swift in Sources */ = {isa = PBXBuildFile; fileRef = E4BF47FD258565B80063A6D9 /* ViewController.swift */; };
		E4BF4803258565B90063A6D9 /* Assets.xcassets in Resources */ = {isa = PBXBuildFile; fileRef = E4BF4802258565B90063A6D9 /* Assets.xcassets */; };
		E4BF4806258565B90063A6D9 /* LaunchScreen.storyboard in Resources */ = {isa = PBXBuildFile; fileRef = E4BF4804258565B90063A6D9 /* LaunchScreen.storyboard */; };
		E4BF480F2585662D0063A6D9 /* UIViewExtension.swift in Sources */ = {isa = PBXBuildFile; fileRef = E4BF480E2585662D0063A6D9 /* UIViewExtension.swift */; };
		E4C7DC02258A9F5D008B806E /* JokeModel.xcdatamodeld in Sources */ = {isa = PBXBuildFile; fileRef = E4C7DC00258A9F5D008B806E /* JokeModel.xcdatamodeld */; };
		E4C7DC06258A9F92008B806E /* JokeModel+CoreDataClass.swift in Sources */ = {isa = PBXBuildFile; fileRef = E4C7DC04258A9F92008B806E /* JokeModel+CoreDataClass.swift */; };
		E4C7DC07258A9F92008B806E /* JokeModel+CoreDataProperties.swift in Sources */ = {isa = PBXBuildFile; fileRef = E4C7DC05258A9F92008B806E /* JokeModel+CoreDataProperties.swift */; };
		E4C7DC0C258AA23F008B806E /* Notifications.swift in Sources */ = {isa = PBXBuildFile; fileRef = E4C7DC0B258AA23F008B806E /* Notifications.swift */; };
		E4C7DC0F258AA3B9008B806E /* chuck.jpeg in Resources */ = {isa = PBXBuildFile; fileRef = E4C7DC0E258AA3B9008B806E /* chuck.jpeg */; };
		E4C7DC15258AAE85008B806E /* chuckNotification.jpg in Resources */ = {isa = PBXBuildFile; fileRef = E4C7DC14258AAE85008B806E /* chuckNotification.jpg */; };
		E4CE3D0C25E6F5AD00324FC5 /* LikedViewControllerExt.swift in Sources */ = {isa = PBXBuildFile; fileRef = E4CE3D0B25E6F5AD00324FC5 /* LikedViewControllerExt.swift */; };
		E4CE3D0F25E6F5F600324FC5 /* ViewControllerSetup.swift in Sources */ = {isa = PBXBuildFile; fileRef = E4CE3D0E25E6F5F600324FC5 /* ViewControllerSetup.swift */; };
		E4CE3D1225E6F69F00324FC5 /* LikedViewControllerSetup.swift in Sources */ = {isa = PBXBuildFile; fileRef = E4CE3D1125E6F69F00324FC5 /* LikedViewControllerSetup.swift */; };
		E4CEEFFD2586912F00AC1CF7 /* ChuckModel.swift in Sources */ = {isa = PBXBuildFile; fileRef = E4CEEFFC2586912F00AC1CF7 /* ChuckModel.swift */; };
		E4CEF0012586A7C100AC1CF7 /* ViewControllerExt.swift in Sources */ = {isa = PBXBuildFile; fileRef = E4CEF0002586A7C100AC1CF7 /* ViewControllerExt.swift */; };
/* End PBXBuildFile section */

/* Begin PBXFileReference section */
		E457765A25E6E2E900C7A574 /* NetworkService.swift */ = {isa = PBXFileReference; fileEncoding = 4; lastKnownFileType = sourcecode.swift; path = NetworkService.swift; sourceTree = "<group>"; };
		E457765B25E6E2EA00C7A574 /* DataFetcherService.swift */ = {isa = PBXFileReference; fileEncoding = 4; lastKnownFileType = sourcecode.swift; path = DataFetcherService.swift; sourceTree = "<group>"; };
		E457765C25E6E2EA00C7A574 /* NetworkDataFetcher.swift */ = {isa = PBXFileReference; fileEncoding = 4; lastKnownFileType = sourcecode.swift; path = NetworkDataFetcher.swift; sourceTree = "<group>"; };
		E457766325E6E3AE00C7A574 /* Data.swift */ = {isa = PBXFileReference; lastKnownFileType = sourcecode.swift; path = Data.swift; sourceTree = "<group>"; };
		E457766725E6E3CD00C7A574 /* TranslateModel.swift */ = {isa = PBXFileReference; lastKnownFileType = sourcecode.swift; path = TranslateModel.swift; sourceTree = "<group>"; };
		E46106742586DA9F001FA10F /* LikedViewController.swift */ = {isa = PBXFileReference; lastKnownFileType = sourcecode.swift; path = LikedViewController.swift; sourceTree = "<group>"; };
		E46106772586DD12001FA10F /* TableViewCell.swift */ = {isa = PBXFileReference; lastKnownFileType = sourcecode.swift; path = TableViewCell.swift; sourceTree = "<group>"; };
		E46106782586DD12001FA10F /* TableViewCell.xib */ = {isa = PBXFileReference; lastKnownFileType = file.xib; path = TableViewCell.xib; sourceTree = "<group>"; };
		E4BF47F6258565B80063A6D9 /* WelcomeBackChuckApp.app */ = {isa = PBXFileReference; explicitFileType = wrapper.application; includeInIndex = 0; path = WelcomeBackChuckApp.app; sourceTree = BUILT_PRODUCTS_DIR; };
		E4BF47F9258565B80063A6D9 /* AppDelegate.swift */ = {isa = PBXFileReference; lastKnownFileType = sourcecode.swift; path = AppDelegate.swift; sourceTree = "<group>"; };
		E4BF47FB258565B80063A6D9 /* SceneDelegate.swift */ = {isa = PBXFileReference; lastKnownFileType = sourcecode.swift; path = SceneDelegate.swift; sourceTree = "<group>"; };
		E4BF47FD258565B80063A6D9 /* ViewController.swift */ = {isa = PBXFileReference; lastKnownFileType = sourcecode.swift; path = ViewController.swift; sourceTree = "<group>"; };
		E4BF4802258565B90063A6D9 /* Assets.xcassets */ = {isa = PBXFileReference; lastKnownFileType = folder.assetcatalog; path = Assets.xcassets; sourceTree = "<group>"; };
		E4BF4805258565B90063A6D9 /* Base */ = {isa = PBXFileReference; lastKnownFileType = file.storyboard; name = Base; path = Base.lproj/LaunchScreen.storyboard; sourceTree = "<group>"; };
		E4BF4807258565B90063A6D9 /* Info.plist */ = {isa = PBXFileReference; lastKnownFileType = text.plist.xml; path = Info.plist; sourceTree = "<group>"; };
		E4BF480E2585662D0063A6D9 /* UIViewExtension.swift */ = {isa = PBXFileReference; lastKnownFileType = sourcecode.swift; path = UIViewExtension.swift; sourceTree = "<group>"; };
		E4C7DC01258A9F5D008B806E /* JokeModel.xcdatamodel */ = {isa = PBXFileReference; lastKnownFileType = wrapper.xcdatamodel; path = JokeModel.xcdatamodel; sourceTree = "<group>"; };
		E4C7DC04258A9F92008B806E /* JokeModel+CoreDataClass.swift */ = {isa = PBXFileReference; lastKnownFileType = sourcecode.swift; path = "JokeModel+CoreDataClass.swift"; sourceTree = "<group>"; };
		E4C7DC05258A9F92008B806E /* JokeModel+CoreDataProperties.swift */ = {isa = PBXFileReference; lastKnownFileType = sourcecode.swift; path = "JokeModel+CoreDataProperties.swift"; sourceTree = "<group>"; };
		E4C7DC0B258AA23F008B806E /* Notifications.swift */ = {isa = PBXFileReference; lastKnownFileType = sourcecode.swift; path = Notifications.swift; sourceTree = "<group>"; };
		E4C7DC0E258AA3B9008B806E /* chuck.jpeg */ = {isa = PBXFileReference; lastKnownFileType = image.jpeg; path = chuck.jpeg; sourceTree = "<group>"; };
		E4C7DC14258AAE85008B806E /* chuckNotification.jpg */ = {isa = PBXFileReference; lastKnownFileType = image.jpeg; path = chuckNotification.jpg; sourceTree = "<group>"; };
		E4CE3D0B25E6F5AD00324FC5 /* LikedViewControllerExt.swift */ = {isa = PBXFileReference; lastKnownFileType = sourcecode.swift; path = LikedViewControllerExt.swift; sourceTree = "<group>"; };
		E4CE3D0E25E6F5F600324FC5 /* ViewControllerSetup.swift */ = {isa = PBXFileReference; lastKnownFileType = sourcecode.swift; path = ViewControllerSetup.swift; sourceTree = "<group>"; };
		E4CE3D1125E6F69F00324FC5 /* LikedViewControllerSetup.swift */ = {isa = PBXFileReference; lastKnownFileType = sourcecode.swift; path = LikedViewControllerSetup.swift; sourceTree = "<group>"; };
		E4CEEFFC2586912F00AC1CF7 /* ChuckModel.swift */ = {isa = PBXFileReference; lastKnownFileType = sourcecode.swift; path = ChuckModel.swift; sourceTree = "<group>"; };
		E4CEF0002586A7C100AC1CF7 /* ViewControllerExt.swift */ = {isa = PBXFileReference; lastKnownFileType = sourcecode.swift; path = ViewControllerExt.swift; sourceTree = "<group>"; };
/* End PBXFileReference section */

/* Begin PBXFrameworksBuildPhase section */
		E4BF47F3258565B80063A6D9 /* Frameworks */ = {
			isa = PBXFrameworksBuildPhase;
			buildActionMask = 2147483647;
			files = (
			);
			runOnlyForDeploymentPostprocessing = 0;
		};
/* End PBXFrameworksBuildPhase section */

/* Begin PBXGroup section */
		E457765825E6E29C00C7A574 /* Services */ = {
			isa = PBXGroup;
			children = (
				E457765A25E6E2E900C7A574 /* NetworkService.swift */,
				E457765C25E6E2EA00C7A574 /* NetworkDataFetcher.swift */,
				E457765B25E6E2EA00C7A574 /* DataFetcherService.swift */,
			);
			path = Services;
			sourceTree = "<group>";
		};
		E457766125E6E36200C7A574 /* VCs */ = {
			isa = PBXGroup;
			children = (
				E4BF47FD258565B80063A6D9 /* ViewController.swift */,
				E46106742586DA9F001FA10F /* LikedViewController.swift */,
			);
			path = VCs;
			sourceTree = "<group>";
		};
		E49329E3258A88D6007EF21B /* Cell */ = {
			isa = PBXGroup;
			children = (
				E46106772586DD12001FA10F /* TableViewCell.swift */,
				E46106782586DD12001FA10F /* TableViewCell.xib */,
			);
			path = Cell;
			sourceTree = "<group>";
		};
		E49329E4258A88EF007EF21B /* Extensions */ = {
			isa = PBXGroup;
			children = (
				E4CE3D1725E6F7B600324FC5 /* ViewControllerExt */,
				E4CE3D1825E6F7C900324FC5 /* LikedViewControllerExt */,
				E4BF480E2585662D0063A6D9 /* UIViewExtension.swift */,
				E4C7DC0B258AA23F008B806E /* Notifications.swift */,
			);
			path = Extensions;
			sourceTree = "<group>";
		};
		E49329E5258A8901007EF21B /* Models & Data */ = {
			isa = PBXGroup;
			children = (
				E4CEEFFC2586912F00AC1CF7 /* ChuckModel.swift */,
				E457766725E6E3CD00C7A574 /* TranslateModel.swift */,
				E457766325E6E3AE00C7A574 /* Data.swift */,
			);
			path = "Models & Data";
			sourceTree = "<group>";
		};
		E49329E6258A8913007EF21B /* CoreData */ = {
			isa = PBXGroup;
			children = (
				E4C7DC00258A9F5D008B806E /* JokeModel.xcdatamodeld */,
				E4C7DC04258A9F92008B806E /* JokeModel+CoreDataClass.swift */,
				E4C7DC05258A9F92008B806E /* JokeModel+CoreDataProperties.swift */,
			);
			path = CoreData;
			sourceTree = "<group>";
		};
		E4BF47ED258565B80063A6D9 = {
			isa = PBXGroup;
			children = (
				E4BF47F8258565B80063A6D9 /* WelcomeBackChuckApp */,
				E4BF47F7258565B80063A6D9 /* Products */,
			);
			sourceTree = "<group>";
		};
		E4BF47F7258565B80063A6D9 /* Products */ = {
			isa = PBXGroup;
			children = (
				E4BF47F6258565B80063A6D9 /* WelcomeBackChuckApp.app */,
			);
			name = Products;
			sourceTree = "<group>";
		};
		E4BF47F8258565B80063A6D9 /* WelcomeBackChuckApp */ = {
			isa = PBXGroup;
			children = (
				E4C7DC11258AA3BE008B806E /* pics */,
				E4BF47F9258565B80063A6D9 /* AppDelegate.swift */,
				E4BF47FB258565B80063A6D9 /* SceneDelegate.swift */,
				E457766125E6E36200C7A574 /* VCs */,
				E49329E4258A88EF007EF21B /* Extensions */,
				E457765825E6E29C00C7A574 /* Services */,
				E49329E6258A8913007EF21B /* CoreData */,
				E49329E5258A8901007EF21B /* Models & Data */,
				E49329E3258A88D6007EF21B /* Cell */,
				E4BF4802258565B90063A6D9 /* Assets.xcassets */,
				E4BF4804258565B90063A6D9 /* LaunchScreen.storyboard */,
				E4BF4807258565B90063A6D9 /* Info.plist */,
			);
			path = WelcomeBackChuckApp;
			sourceTree = "<group>";
		};
		E4C7DC11258AA3BE008B806E /* pics */ = {
			isa = PBXGroup;
			children = (
				E4C7DC0E258AA3B9008B806E /* chuck.jpeg */,
				E4C7DC14258AAE85008B806E /* chuckNotification.jpg */,
			);
			path = pics;
			sourceTree = "<group>";
		};
		E4CE3D1725E6F7B600324FC5 /* ViewControllerExt */ = {
			isa = PBXGroup;
			children = (
				E4CEF0002586A7C100AC1CF7 /* ViewControllerExt.swift */,
				E4CE3D0E25E6F5F600324FC5 /* ViewControllerSetup.swift */,
			);
			path = ViewControllerExt;
			sourceTree = "<group>";
		};
		E4CE3D1825E6F7C900324FC5 /* LikedViewControllerExt */ = {
			isa = PBXGroup;
			children = (
				E4CE3D0B25E6F5AD00324FC5 /* LikedViewControllerExt.swift */,
				E4CE3D1125E6F69F00324FC5 /* LikedViewControllerSetup.swift */,
			);
			path = LikedViewControllerExt;
			sourceTree = "<group>";
		};
/* End PBXGroup section */

/* Begin PBXNativeTarget section */
		E4BF47F5258565B80063A6D9 /* WelcomeBackChuckApp */ = {
			isa = PBXNativeTarget;
			buildConfigurationList = E4BF480A258565B90063A6D9 /* Build configuration list for PBXNativeTarget "WelcomeBackChuckApp" */;
			buildPhases = (
				E4BF47F2258565B80063A6D9 /* Sources */,
				E4BF47F3258565B80063A6D9 /* Frameworks */,
				E4BF47F4258565B80063A6D9 /* Resources */,
			);
			buildRules = (
			);
			dependencies = (
			);
			name = WelcomeBackChuckApp;
			productName = WelcomeBackChuckApp;
			productReference = E4BF47F6258565B80063A6D9 /* WelcomeBackChuckApp.app */;
			productType = "com.apple.product-type.application";
		};
/* End PBXNativeTarget section */

/* Begin PBXProject section */
		E4BF47EE258565B80063A6D9 /* Project object */ = {
			isa = PBXProject;
			attributes = {
				LastSwiftUpdateCheck = 1220;
				LastUpgradeCheck = 1220;
				TargetAttributes = {
					E4BF47F5258565B80063A6D9 = {
						CreatedOnToolsVersion = 12.2;
					};
				};
			};
			buildConfigurationList = E4BF47F1258565B80063A6D9 /* Build configuration list for PBXProject "WelcomeBackChuckApp" */;
			compatibilityVersion = "Xcode 9.3";
			developmentRegion = en;
			hasScannedForEncodings = 0;
			knownRegions = (
				en,
				Base,
			);
			mainGroup = E4BF47ED258565B80063A6D9;
			productRefGroup = E4BF47F7258565B80063A6D9 /* Products */;
			projectDirPath = "";
			projectRoot = "";
			targets = (
				E4BF47F5258565B80063A6D9 /* WelcomeBackChuckApp */,
			);
		};
/* End PBXProject section */

/* Begin PBXResourcesBuildPhase section */
		E4BF47F4258565B80063A6D9 /* Resources */ = {
			isa = PBXResourcesBuildPhase;
			buildActionMask = 2147483647;
			files = (
				E4BF4806258565B90063A6D9 /* LaunchScreen.storyboard in Resources */,
				E461067A2586DD12001FA10F /* TableViewCell.xib in Resources */,
				E4BF4803258565B90063A6D9 /* Assets.xcassets in Resources */,
				E4C7DC0F258AA3B9008B806E /* chuck.jpeg in Resources */,
				E4C7DC15258AAE85008B806E /* chuckNotification.jpg in Resources */,
			);
			runOnlyForDeploymentPostprocessing = 0;
		};
/* End PBXResourcesBuildPhase section */

/* Begin PBXSourcesBuildPhase section */
		E4BF47F2258565B80063A6D9 /* Sources */ = {
			isa = PBXSourcesBuildPhase;
			buildActionMask = 2147483647;
			files = (
				E4BF47FE258565B80063A6D9 /* ViewController.swift in Sources */,
				E4BF47FA258565B80063A6D9 /* AppDelegate.swift in Sources */,
				E46106792586DD12001FA10F /* TableViewCell.swift in Sources */,
				E4CE3D0C25E6F5AD00324FC5 /* LikedViewControllerExt.swift in Sources */,
				E4CEEFFD2586912F00AC1CF7 /* ChuckModel.swift in Sources */,
				E4C7DC0C258AA23F008B806E /* Notifications.swift in Sources */,
				E46106752586DA9F001FA10F /* LikedViewController.swift in Sources */,
				E4CE3D1225E6F69F00324FC5 /* LikedViewControllerSetup.swift in Sources */,
				E457766425E6E3AE00C7A574 /* Data.swift in Sources */,
				E4C7DC07258A9F92008B806E /* JokeModel+CoreDataProperties.swift in Sources */,
				E4CE3D0F25E6F5F600324FC5 /* ViewControllerSetup.swift in Sources */,
				E457765F25E6E2EA00C7A574 /* NetworkDataFetcher.swift in Sources */,
				E4CEF0012586A7C100AC1CF7 /* ViewControllerExt.swift in Sources */,
				E457766825E6E3CD00C7A574 /* TranslateModel.swift in Sources */,
				E457765D25E6E2EA00C7A574 /* NetworkService.swift in Sources */,
				E4BF480F2585662D0063A6D9 /* UIViewExtension.swift in Sources */,
				E4C7DC02258A9F5D008B806E /* JokeModel.xcdatamodeld in Sources */,
				E4BF47FC258565B80063A6D9 /* SceneDelegate.swift in Sources */,
				E4C7DC06258A9F92008B806E /* JokeModel+CoreDataClass.swift in Sources */,
				E457765E25E6E2EA00C7A574 /* DataFetcherService.swift in Sources */,
			);
			runOnlyForDeploymentPostprocessing = 0;
		};
/* End PBXSourcesBuildPhase section */

/* Begin PBXVariantGroup section */
		E4BF4804258565B90063A6D9 /* LaunchScreen.storyboard */ = {
			isa = PBXVariantGroup;
			children = (
				E4BF4805258565B90063A6D9 /* Base */,
			);
			name = LaunchScreen.storyboard;
			sourceTree = "<group>";
		};
/* End PBXVariantGroup section */

/* Begin XCBuildConfiguration section */
		E4BF4808258565B90063A6D9 /* Debug */ = {
			isa = XCBuildConfiguration;
			buildSettings = {
				ALWAYS_SEARCH_USER_PATHS = NO;
				CLANG_ANALYZER_NONNULL = YES;
				CLANG_ANALYZER_NUMBER_OBJECT_CONVERSION = YES_AGGRESSIVE;
				CLANG_CXX_LANGUAGE_STANDARD = "gnu++14";
				CLANG_CXX_LIBRARY = "libc++";
				CLANG_ENABLE_MODULES = YES;
				CLANG_ENABLE_OBJC_ARC = YES;
				CLANG_ENABLE_OBJC_WEAK = YES;
				CLANG_WARN_BLOCK_CAPTURE_AUTORELEASING = YES;
				CLANG_WARN_BOOL_CONVERSION = YES;
				CLANG_WARN_COMMA = YES;
				CLANG_WARN_CONSTANT_CONVERSION = YES;
				CLANG_WARN_DEPRECATED_OBJC_IMPLEMENTATIONS = YES;
				CLANG_WARN_DIRECT_OBJC_ISA_USAGE = YES_ERROR;
				CLANG_WARN_DOCUMENTATION_COMMENTS = YES;
				CLANG_WARN_EMPTY_BODY = YES;
				CLANG_WARN_ENUM_CONVERSION = YES;
				CLANG_WARN_INFINITE_RECURSION = YES;
				CLANG_WARN_INT_CONVERSION = YES;
				CLANG_WARN_NON_LITERAL_NULL_CONVERSION = YES;
				CLANG_WARN_OBJC_IMPLICIT_RETAIN_SELF = YES;
				CLANG_WARN_OBJC_LITERAL_CONVERSION = YES;
				CLANG_WARN_OBJC_ROOT_CLASS = YES_ERROR;
				CLANG_WARN_QUOTED_INCLUDE_IN_FRAMEWORK_HEADER = YES;
				CLANG_WARN_RANGE_LOOP_ANALYSIS = YES;
				CLANG_WARN_STRICT_PROTOTYPES = YES;
				CLANG_WARN_SUSPICIOUS_MOVE = YES;
				CLANG_WARN_UNGUARDED_AVAILABILITY = YES_AGGRESSIVE;
				CLANG_WARN_UNREACHABLE_CODE = YES;
				CLANG_WARN__DUPLICATE_METHOD_MATCH = YES;
				COPY_PHASE_STRIP = NO;
				DEBUG_INFORMATION_FORMAT = dwarf;
				ENABLE_STRICT_OBJC_MSGSEND = YES;
				ENABLE_TESTABILITY = YES;
				GCC_C_LANGUAGE_STANDARD = gnu11;
				GCC_DYNAMIC_NO_PIC = NO;
				GCC_NO_COMMON_BLOCKS = YES;
				GCC_OPTIMIZATION_LEVEL = 0;
				GCC_PREPROCESSOR_DEFINITIONS = (
					"DEBUG=1",
					"$(inherited)",
				);
				GCC_WARN_64_TO_32_BIT_CONVERSION = YES;
				GCC_WARN_ABOUT_RETURN_TYPE = YES_ERROR;
				GCC_WARN_UNDECLARED_SELECTOR = YES;
				GCC_WARN_UNINITIALIZED_AUTOS = YES_AGGRESSIVE;
				GCC_WARN_UNUSED_FUNCTION = YES;
				GCC_WARN_UNUSED_VARIABLE = YES;
				IPHONEOS_DEPLOYMENT_TARGET = 14.2;
				MTL_ENABLE_DEBUG_INFO = INCLUDE_SOURCE;
				MTL_FAST_MATH = YES;
				ONLY_ACTIVE_ARCH = YES;
				SDKROOT = iphoneos;
				SWIFT_ACTIVE_COMPILATION_CONDITIONS = DEBUG;
				SWIFT_OPTIMIZATION_LEVEL = "-Onone";
			};
			name = Debug;
		};
		E4BF4809258565B90063A6D9 /* Release */ = {
			isa = XCBuildConfiguration;
			buildSettings = {
				ALWAYS_SEARCH_USER_PATHS = NO;
				CLANG_ANALYZER_NONNULL = YES;
				CLANG_ANALYZER_NUMBER_OBJECT_CONVERSION = YES_AGGRESSIVE;
				CLANG_CXX_LANGUAGE_STANDARD = "gnu++14";
				CLANG_CXX_LIBRARY = "libc++";
				CLANG_ENABLE_MODULES = YES;
				CLANG_ENABLE_OBJC_ARC = YES;
				CLANG_ENABLE_OBJC_WEAK = YES;
				CLANG_WARN_BLOCK_CAPTURE_AUTORELEASING = YES;
				CLANG_WARN_BOOL_CONVERSION = YES;
				CLANG_WARN_COMMA = YES;
				CLANG_WARN_CONSTANT_CONVERSION = YES;
				CLANG_WARN_DEPRECATED_OBJC_IMPLEMENTATIONS = YES;
				CLANG_WARN_DIRECT_OBJC_ISA_USAGE = YES_ERROR;
				CLANG_WARN_DOCUMENTATION_COMMENTS = YES;
				CLANG_WARN_EMPTY_BODY = YES;
				CLANG_WARN_ENUM_CONVERSION = YES;
				CLANG_WARN_INFINITE_RECURSION = YES;
				CLANG_WARN_INT_CONVERSION = YES;
				CLANG_WARN_NON_LITERAL_NULL_CONVERSION = YES;
				CLANG_WARN_OBJC_IMPLICIT_RETAIN_SELF = YES;
				CLANG_WARN_OBJC_LITERAL_CONVERSION = YES;
				CLANG_WARN_OBJC_ROOT_CLASS = YES_ERROR;
				CLANG_WARN_QUOTED_INCLUDE_IN_FRAMEWORK_HEADER = YES;
				CLANG_WARN_RANGE_LOOP_ANALYSIS = YES;
				CLANG_WARN_STRICT_PROTOTYPES = YES;
				CLANG_WARN_SUSPICIOUS_MOVE = YES;
				CLANG_WARN_UNGUARDED_AVAILABILITY = YES_AGGRESSIVE;
				CLANG_WARN_UNREACHABLE_CODE = YES;
				CLANG_WARN__DUPLICATE_METHOD_MATCH = YES;
				COPY_PHASE_STRIP = NO;
				DEBUG_INFORMATION_FORMAT = "dwarf-with-dsym";
				ENABLE_NS_ASSERTIONS = NO;
				ENABLE_STRICT_OBJC_MSGSEND = YES;
				GCC_C_LANGUAGE_STANDARD = gnu11;
				GCC_NO_COMMON_BLOCKS = YES;
				GCC_WARN_64_TO_32_BIT_CONVERSION = YES;
				GCC_WARN_ABOUT_RETURN_TYPE = YES_ERROR;
				GCC_WARN_UNDECLARED_SELECTOR = YES;
				GCC_WARN_UNINITIALIZED_AUTOS = YES_AGGRESSIVE;
				GCC_WARN_UNUSED_FUNCTION = YES;
				GCC_WARN_UNUSED_VARIABLE = YES;
				IPHONEOS_DEPLOYMENT_TARGET = 14.2;
				MTL_ENABLE_DEBUG_INFO = NO;
				MTL_FAST_MATH = YES;
				SDKROOT = iphoneos;
				SWIFT_COMPILATION_MODE = wholemodule;
				SWIFT_OPTIMIZATION_LEVEL = "-O";
				VALIDATE_PRODUCT = YES;
			};
			name = Release;
		};
		E4BF480B258565B90063A6D9 /* Debug */ = {
			isa = XCBuildConfiguration;
			buildSettings = {
				ASSETCATALOG_COMPILER_APPICON_NAME = AppIcon;
				ASSETCATALOG_COMPILER_GLOBAL_ACCENT_COLOR_NAME = AccentColor;
				CODE_SIGN_STYLE = Automatic;
				DEVELOPMENT_TEAM = 2NYS83Y267;
				INFOPLIST_FILE = WelcomeBackChuckApp/Info.plist;
				LD_RUNPATH_SEARCH_PATHS = (
					"$(inherited)",
					"@executable_path/Frameworks",
				);
				PRODUCT_BUNDLE_IDENTIFIER = DensCompany.WelcomeBackChuckApp;
				PRODUCT_NAME = "$(TARGET_NAME)";
				SWIFT_VERSION = 5.0;
				TARGETED_DEVICE_FAMILY = "1,2";
			};
			name = Debug;
		};
		E4BF480C258565B90063A6D9 /* Release */ = {
			isa = XCBuildConfiguration;
			buildSettings = {
				ASSETCATALOG_COMPILER_APPICON_NAME = AppIcon;
				ASSETCATALOG_COMPILER_GLOBAL_ACCENT_COLOR_NAME = AccentColor;
				CODE_SIGN_STYLE = Automatic;
				DEVELOPMENT_TEAM = 2NYS83Y267;
				INFOPLIST_FILE = WelcomeBackChuckApp/Info.plist;
				LD_RUNPATH_SEARCH_PATHS = (
					"$(inherited)",
					"@executable_path/Frameworks",
				);
				PRODUCT_BUNDLE_IDENTIFIER = DensCompany.WelcomeBackChuckApp;
				PRODUCT_NAME = "$(TARGET_NAME)";
				SWIFT_VERSION = 5.0;
				TARGETED_DEVICE_FAMILY = "1,2";
			};
			name = Release;
		};
/* End XCBuildConfiguration section */

/* Begin XCConfigurationList section */
		E4BF47F1258565B80063A6D9 /* Build configuration list for PBXProject "WelcomeBackChuckApp" */ = {
			isa = XCConfigurationList;
			buildConfigurations = (
				E4BF4808258565B90063A6D9 /* Debug */,
				E4BF4809258565B90063A6D9 /* Release */,
			);
			defaultConfigurationIsVisible = 0;
			defaultConfigurationName = Release;
		};
		E4BF480A258565B90063A6D9 /* Build configuration list for PBXNativeTarget "WelcomeBackChuckApp" */ = {
			isa = XCConfigurationList;
			buildConfigurations = (
				E4BF480B258565B90063A6D9 /* Debug */,
				E4BF480C258565B90063A6D9 /* Release */,
			);
			defaultConfigurationIsVisible = 0;
			defaultConfigurationName = Release;
		};
/* End XCConfigurationList section */

/* Begin XCVersionGroup section */
		E4C7DC00258A9F5D008B806E /* JokeModel.xcdatamodeld */ = {
			isa = XCVersionGroup;
			children = (
				E4C7DC01258A9F5D008B806E /* JokeModel.xcdatamodel */,
			);
			currentVersion = E4C7DC01258A9F5D008B806E /* JokeModel.xcdatamodel */;
			path = JokeModel.xcdatamodeld;
			sourceTree = "<group>";
			versionGroupType = wrapper.xcdatamodel;
		};
/* End XCVersionGroup section */
	};
	rootObject = E4BF47EE258565B80063A6D9 /* Project object */;
}
